
Microsoft Visual Studio Solution File, Format Version 12.00
# Visual Studio 15
VisualStudioVersion = 15.0.27130.2027
MinimumVisualStudioVersion = 10.0.40219.1
Project("{FAE04EC0-301F-11D3-BF4B-00C04F79EFBC}") = "9-2 R.S.P Game", "9-2 R.S.P Game\9-2 R.S.P Game.csproj", "{250046D6-E5B3-48BE-993A-DD89951D7082}"
EndProject
Global
	GlobalSection(SolutionConfigurationPlatforms) = preSolution
		Debug|Any CPU = Debug|Any CPU
		Release|Any CPU = Release|Any CPU
	EndGlobalSection
	GlobalSection(ProjectConfigurationPlatforms) = postSolution
		{250046D6-E5B3-48BE-993A-DD89951D7082}.Debug|Any CPU.ActiveCfg = Debug|Any CPU
		{250046D6-E5B3-48BE-993A-DD89951D7082}.Debug|Any CPU.Build.0 = Debug|Any CPU
		{250046D6-E5B3-48BE-993A-DD89951D7082}.Release|Any CPU.ActiveCfg = Release|Any CPU
		{250046D6-E5B3-48BE-993A-DD89951D7082}.Release|Any CPU.Build.0 = Release|Any CPU
	EndGlobalSection
	GlobalSection(SolutionProperties) = preSolution
		HideSolutionNode = FALSE
	EndGlobalSection
	GlobalSection(ExtensibilityGlobals) = postSolution
		SolutionGuid = {B765A6AB-D84D-4E57-BB3E-C9D46D77340D}
	EndGlobalSection
EndGlobal
