
Microsoft Visual Studio Solution File, Format Version 12.00
# Visual Studio 15
VisualStudioVersion = 15.0.27130.2020
MinimumVisualStudioVersion = 10.0.40219.1
Project("{FAE04EC0-301F-11D3-BF4B-00C04F79EFBC}") = "StudentList_While", "StudentList_While\StudentList_While.csproj", "{2BE0A018-D9DC-4B5C-AE05-8452F05A9466}"
EndProject
Global
	GlobalSection(SolutionConfigurationPlatforms) = preSolution
		Debug|Any CPU = Debug|Any CPU
		Release|Any CPU = Release|Any CPU
	EndGlobalSection
	GlobalSection(ProjectConfigurationPlatforms) = postSolution
		{2BE0A018-D9DC-4B5C-AE05-8452F05A9466}.Debug|Any CPU.ActiveCfg = Debug|Any CPU
		{2BE0A018-D9DC-4B5C-AE05-8452F05A9466}.Debug|Any CPU.Build.0 = Debug|Any CPU
		{2BE0A018-D9DC-4B5C-AE05-8452F05A9466}.Release|Any CPU.ActiveCfg = Release|Any CPU
		{2BE0A018-D9DC-4B5C-AE05-8452F05A9466}.Release|Any CPU.Build.0 = Release|Any CPU
	EndGlobalSection
	GlobalSection(SolutionProperties) = preSolution
		HideSolutionNode = FALSE
	EndGlobalSection
	GlobalSection(ExtensibilityGlobals) = postSolution
		SolutionGuid = {22518624-6C4C-448E-B01D-D29E6548DA4D}
	EndGlobalSection
EndGlobal
