
Microsoft Visual Studio Solution File, Format Version 12.00
# Visual Studio 15
VisualStudioVersion = 15.0.27130.2020
MinimumVisualStudioVersion = 10.0.40219.1
Project("{FAE04EC0-301F-11D3-BF4B-00C04F79EFBC}") = "3-2", "3-2\3-2.csproj", "{B8490C37-34AD-4172-82BB-1A4E732FCF7B}"
EndProject
Global
	GlobalSection(SolutionConfigurationPlatforms) = preSolution
		Debug|Any CPU = Debug|Any CPU
		Release|Any CPU = Release|Any CPU
	EndGlobalSection
	GlobalSection(ProjectConfigurationPlatforms) = postSolution
		{B8490C37-34AD-4172-82BB-1A4E732FCF7B}.Debug|Any CPU.ActiveCfg = Debug|Any CPU
		{B8490C37-34AD-4172-82BB-1A4E732FCF7B}.Debug|Any CPU.Build.0 = Debug|Any CPU
		{B8490C37-34AD-4172-82BB-1A4E732FCF7B}.Release|Any CPU.ActiveCfg = Release|Any CPU
		{B8490C37-34AD-4172-82BB-1A4E732FCF7B}.Release|Any CPU.Build.0 = Release|Any CPU
	EndGlobalSection
	GlobalSection(SolutionProperties) = preSolution
		HideSolutionNode = FALSE
	EndGlobalSection
	GlobalSection(ExtensibilityGlobals) = postSolution
		SolutionGuid = {71BB184A-A993-4F60-89C6-6E6B64F26454}
	EndGlobalSection
EndGlobal
