
Microsoft Visual Studio Solution File, Format Version 12.00
# Visual Studio 15
VisualStudioVersion = 15.0.27130.2020
MinimumVisualStudioVersion = 10.0.40219.1
Project("{FAE04EC0-301F-11D3-BF4B-00C04F79EFBC}") = "3-1, 3-2", "3-1, 3-2\3-1, 3-2.csproj", "{974E9A83-F1A5-4494-AF12-380BD304B1DA}"
EndProject
Global
	GlobalSection(SolutionConfigurationPlatforms) = preSolution
		Debug|Any CPU = Debug|Any CPU
		Release|Any CPU = Release|Any CPU
	EndGlobalSection
	GlobalSection(ProjectConfigurationPlatforms) = postSolution
		{974E9A83-F1A5-4494-AF12-380BD304B1DA}.Debug|Any CPU.ActiveCfg = Debug|Any CPU
		{974E9A83-F1A5-4494-AF12-380BD304B1DA}.Debug|Any CPU.Build.0 = Debug|Any CPU
		{974E9A83-F1A5-4494-AF12-380BD304B1DA}.Release|Any CPU.ActiveCfg = Release|Any CPU
		{974E9A83-F1A5-4494-AF12-380BD304B1DA}.Release|Any CPU.Build.0 = Release|Any CPU
	EndGlobalSection
	GlobalSection(SolutionProperties) = preSolution
		HideSolutionNode = FALSE
	EndGlobalSection
	GlobalSection(ExtensibilityGlobals) = postSolution
		SolutionGuid = {9A51A4EF-5617-4B05-A766-B0CF8BCDBAA4}
	EndGlobalSection
EndGlobal
